
Microsoft Visual Studio Solution File, Format Version 12.00
# Visual Studio Version 17
VisualStudioVersion = 17.0.32126.317
MinimumVisualStudioVersion = 10.0.40219.1
Project("{9A19103F-16F7-4668-BE54-9A1E7A4F7556}") = "EnvironmentAgencySdk", "EnvironmentAgencySdk\EnvironmentAgencySdk.csproj", "{C87BAD87-4823-42C1-A497-409BC9CBA24F}"
EndProject
Project("{9A19103F-16F7-4668-BE54-9A1E7A4F7556}") = "EnvironmentAgencySdk.Test", "EnvironmentAgencySdk.Test\EnvironmentAgencySdk.Test.csproj", "{51708493-15A1-4BB6-8B1B-F7948F7BDA9E}"
EndProject
Global
	GlobalSection(SolutionConfigurationPlatforms) = preSolution
		Debug|Any CPU = Debug|Any CPU
		Release|Any CPU = Release|Any CPU
	EndGlobalSection
	GlobalSection(ProjectConfigurationPlatforms) = postSolution
		{C87BAD87-4823-42C1-A497-409BC9CBA24F}.Debug|Any CPU.ActiveCfg = Debug|Any CPU
		{C87BAD87-4823-42C1-A497-409BC9CBA24F}.Debug|Any CPU.Build.0 = Debug|Any CPU
		{C87BAD87-4823-42C1-A497-409BC9CBA24F}.Release|Any CPU.ActiveCfg = Release|Any CPU
		{C87BAD87-4823-42C1-A497-409BC9CBA24F}.Release|Any CPU.Build.0 = Release|Any CPU
		{51708493-15A1-4BB6-8B1B-F7948F7BDA9E}.Debug|Any CPU.ActiveCfg = Debug|Any CPU
		{51708493-15A1-4BB6-8B1B-F7948F7BDA9E}.Debug|Any CPU.Build.0 = Debug|Any CPU
		{51708493-15A1-4BB6-8B1B-F7948F7BDA9E}.Release|Any CPU.ActiveCfg = Release|Any CPU
		{51708493-15A1-4BB6-8B1B-F7948F7BDA9E}.Release|Any CPU.Build.0 = Release|Any CPU
	EndGlobalSection
	GlobalSection(SolutionProperties) = preSolution
		HideSolutionNode = FALSE
	EndGlobalSection
	GlobalSection(ExtensibilityGlobals) = postSolution
		SolutionGuid = {8B11AC28-9FB0-4199-B190-1422E5C5B3DE}
	EndGlobalSection
EndGlobal
